
Microsoft Visual Studio Solution File, Format Version 12.00
# Visual Studio Version 16
VisualStudioVersion = 16.0.32510.428
MinimumVisualStudioVersion = 10.0.40219.1
Project("{FAE04EC0-301F-11D3-BF4B-00C04F79EFBC}") = "QLBThuocc", "QLBThuocc\QLBThuocc.csproj", "{BFA36461-CD51-462D-A9BE-440BD0947D96}"
EndProject
Global
	GlobalSection(SolutionConfigurationPlatforms) = preSolution
		Debug|Any CPU = Debug|Any CPU
		Release|Any CPU = Release|Any CPU
	EndGlobalSection
	GlobalSection(ProjectConfigurationPlatforms) = postSolution
		{BFA36461-CD51-462D-A9BE-440BD0947D96}.Debug|Any CPU.ActiveCfg = Debug|Any CPU
		{BFA36461-CD51-462D-A9BE-440BD0947D96}.Debug|Any CPU.Build.0 = Debug|Any CPU
		{BFA36461-CD51-462D-A9BE-440BD0947D96}.Release|Any CPU.ActiveCfg = Release|Any CPU
		{BFA36461-CD51-462D-A9BE-440BD0947D96}.Release|Any CPU.Build.0 = Release|Any CPU
	EndGlobalSection
	GlobalSection(SolutionProperties) = preSolution
		HideSolutionNode = FALSE
	EndGlobalSection
	GlobalSection(ExtensibilityGlobals) = postSolution
		SolutionGuid = {025B14C1-E6C2-49A8-9EC3-E97EE05FD8C2}
	EndGlobalSection
EndGlobal
